
Microsoft Visual Studio Solution File, Format Version 12.00
# Visual Studio Version 17
VisualStudioVersion = 17.1.32328.378
MinimumVisualStudioVersion = 10.0.40219.1
Project("{9A19103F-16F7-4668-BE54-9A1E7A4F7556}") = "Bounce.Api", "Bounce.Api\Bounce.Api.csproj", "{8C27088D-2AFC-4997-B06F-FE5449D22A31}"
EndProject
Project("{2150E333-8FDC-42A3-9474-1A3956D46DE8}") = "Core", "Core", "{7F442448-AAAE-4E9A-B512-7CD93D46CFC5}"
EndProject
Project("{9A19103F-16F7-4668-BE54-9A1E7A4F7556}") = "Bounce_Application", "Bounce_Application\Bounce_Application.csproj", "{F7D8DAAA-2866-4430-87BF-9FA146E98EA7}"
EndProject
Project("{9A19103F-16F7-4668-BE54-9A1E7A4F7556}") = "Bounce_DbOps", "Bounce_DbOps\Bounce_DbOps.csproj", "{91C3451D-CEE9-466E-A5FF-0077ADA06C18}"
EndProject
Project("{9A19103F-16F7-4668-BE54-9A1E7A4F7556}") = "Bounce_Domain", "Bounce_Domain\Bounce_Domain.csproj", "{41AC03AB-50D2-4154-8E18-77E69B38ACA7}"
EndProject
Project("{9A19103F-16F7-4668-BE54-9A1E7A4F7556}") = "Bounce.DataTransferObject", "Bounce.DataTransferObject\Bounce.DataTransferObject.csproj", "{3C43F49F-B4AA-4CF5-9244-4E983BC267CF}"
EndProject
Project("{9A19103F-16F7-4668-BE54-9A1E7A4F7556}") = "Bounce.Services", "Bounce.Services\Bounce.Services.csproj", "{267007BF-5D6D-481A-8BB1-695673F9CFF8}"
EndProject
Project("{9A19103F-16F7-4668-BE54-9A1E7A4F7556}") = "Bounce.Job", "Bounce.Job\Bounce.Job.csproj", "{D8058A95-8283-4210-98A7-71F87A904563}"
EndProject
Project("{9A19103F-16F7-4668-BE54-9A1E7A4F7556}") = "AgoraIO", "AgoraKit\Src\csharp\src\AgoraIO\AgoraIO.csproj", "{BD53E5F8-CA84-44DD-8E7B-1EAD9D67553D}"
EndProject
Global
	GlobalSection(SolutionConfigurationPlatforms) = preSolution
		Debug|Any CPU = Debug|Any CPU
		Release|Any CPU = Release|Any CPU
	EndGlobalSection
	GlobalSection(ProjectConfigurationPlatforms) = postSolution
		{8C27088D-2AFC-4997-B06F-FE5449D22A31}.Debug|Any CPU.ActiveCfg = Debug|Any CPU
		{8C27088D-2AFC-4997-B06F-FE5449D22A31}.Debug|Any CPU.Build.0 = Debug|Any CPU
		{8C27088D-2AFC-4997-B06F-FE5449D22A31}.Release|Any CPU.ActiveCfg = Release|Any CPU
		{8C27088D-2AFC-4997-B06F-FE5449D22A31}.Release|Any CPU.Build.0 = Release|Any CPU
		{F7D8DAAA-2866-4430-87BF-9FA146E98EA7}.Debug|Any CPU.ActiveCfg = Debug|Any CPU
		{F7D8DAAA-2866-4430-87BF-9FA146E98EA7}.Debug|Any CPU.Build.0 = Debug|Any CPU
		{F7D8DAAA-2866-4430-87BF-9FA146E98EA7}.Release|Any CPU.ActiveCfg = Release|Any CPU
		{F7D8DAAA-2866-4430-87BF-9FA146E98EA7}.Release|Any CPU.Build.0 = Release|Any CPU
		{91C3451D-CEE9-466E-A5FF-0077ADA06C18}.Debug|Any CPU.ActiveCfg = Debug|Any CPU
		{91C3451D-CEE9-466E-A5FF-0077ADA06C18}.Debug|Any CPU.Build.0 = Debug|Any CPU
		{91C3451D-CEE9-466E-A5FF-0077ADA06C18}.Release|Any CPU.ActiveCfg = Release|Any CPU
		{91C3451D-CEE9-466E-A5FF-0077ADA06C18}.Release|Any CPU.Build.0 = Release|Any CPU
		{41AC03AB-50D2-4154-8E18-77E69B38ACA7}.Debug|Any CPU.ActiveCfg = Debug|Any CPU
		{41AC03AB-50D2-4154-8E18-77E69B38ACA7}.Debug|Any CPU.Build.0 = Debug|Any CPU
		{41AC03AB-50D2-4154-8E18-77E69B38ACA7}.Release|Any CPU.ActiveCfg = Release|Any CPU
		{41AC03AB-50D2-4154-8E18-77E69B38ACA7}.Release|Any CPU.Build.0 = Release|Any CPU
		{3C43F49F-B4AA-4CF5-9244-4E983BC267CF}.Debug|Any CPU.ActiveCfg = Debug|Any CPU
		{3C43F49F-B4AA-4CF5-9244-4E983BC267CF}.Debug|Any CPU.Build.0 = Debug|Any CPU
		{3C43F49F-B4AA-4CF5-9244-4E983BC267CF}.Release|Any CPU.ActiveCfg = Release|Any CPU
		{3C43F49F-B4AA-4CF5-9244-4E983BC267CF}.Release|Any CPU.Build.0 = Release|Any CPU
		{267007BF-5D6D-481A-8BB1-695673F9CFF8}.Debug|Any CPU.ActiveCfg = Debug|Any CPU
		{267007BF-5D6D-481A-8BB1-695673F9CFF8}.Debug|Any CPU.Build.0 = Debug|Any CPU
		{267007BF-5D6D-481A-8BB1-695673F9CFF8}.Release|Any CPU.ActiveCfg = Release|Any CPU
		{267007BF-5D6D-481A-8BB1-695673F9CFF8}.Release|Any CPU.Build.0 = Release|Any CPU
		{D8058A95-8283-4210-98A7-71F87A904563}.Debug|Any CPU.ActiveCfg = Debug|Any CPU
		{D8058A95-8283-4210-98A7-71F87A904563}.Debug|Any CPU.Build.0 = Debug|Any CPU
		{D8058A95-8283-4210-98A7-71F87A904563}.Release|Any CPU.ActiveCfg = Release|Any CPU
		{D8058A95-8283-4210-98A7-71F87A904563}.Release|Any CPU.Build.0 = Release|Any CPU
		{BD53E5F8-CA84-44DD-8E7B-1EAD9D67553D}.Debug|Any CPU.ActiveCfg = Debug|Any CPU
		{BD53E5F8-CA84-44DD-8E7B-1EAD9D67553D}.Debug|Any CPU.Build.0 = Debug|Any CPU
		{BD53E5F8-CA84-44DD-8E7B-1EAD9D67553D}.Release|Any CPU.ActiveCfg = Release|Any CPU
		{BD53E5F8-CA84-44DD-8E7B-1EAD9D67553D}.Release|Any CPU.Build.0 = Release|Any CPU
	EndGlobalSection
	GlobalSection(SolutionProperties) = preSolution
		HideSolutionNode = FALSE
	EndGlobalSection
	GlobalSection(NestedProjects) = preSolution
		{F7D8DAAA-2866-4430-87BF-9FA146E98EA7} = {7F442448-AAAE-4E9A-B512-7CD93D46CFC5}
		{91C3451D-CEE9-466E-A5FF-0077ADA06C18} = {7F442448-AAAE-4E9A-B512-7CD93D46CFC5}
		{41AC03AB-50D2-4154-8E18-77E69B38ACA7} = {7F442448-AAAE-4E9A-B512-7CD93D46CFC5}
		{3C43F49F-B4AA-4CF5-9244-4E983BC267CF} = {7F442448-AAAE-4E9A-B512-7CD93D46CFC5}
		{D8058A95-8283-4210-98A7-71F87A904563} = {7F442448-AAAE-4E9A-B512-7CD93D46CFC5}
		{BD53E5F8-CA84-44DD-8E7B-1EAD9D67553D} = {7F442448-AAAE-4E9A-B512-7CD93D46CFC5}
	EndGlobalSection
	GlobalSection(ExtensibilityGlobals) = postSolution
		SolutionGuid = {F47EEA34-BF8F-4C07-94D7-C2A3AD7C1018}
	EndGlobalSection
EndGlobal
